
Microsoft Visual Studio Solution File, Format Version 12.00
# Visual Studio Version 17
VisualStudioVersion = 17.6.33717.318
MinimumVisualStudioVersion = 10.0.40219.1
Project("{FAE04EC0-301F-11D3-BF4B-00C04F79EFBC}") = "HelloWorld", "HelloWorld.csproj", "{A46FF525-E233-4450-BA64-AA2BE5150528}"
EndProject
Global
	GlobalSection(SolutionConfigurationPlatforms) = preSolution
		Debug|Any CPU = Debug|Any CPU
		Release|Any CPU = Release|Any CPU
	EndGlobalSection
	GlobalSection(ProjectConfigurationPlatforms) = postSolution
		{A46FF525-E233-4450-BA64-AA2BE5150528}.Debug|Any CPU.ActiveCfg = Debug|Any CPU
		{A46FF525-E233-4450-BA64-AA2BE5150528}.Debug|Any CPU.Build.0 = Debug|Any CPU
		{A46FF525-E233-4450-BA64-AA2BE5150528}.Release|Any CPU.ActiveCfg = Release|Any CPU
		{A46FF525-E233-4450-BA64-AA2BE5150528}.Release|Any CPU.Build.0 = Release|Any CPU
	EndGlobalSection
	GlobalSection(SolutionProperties) = preSolution
		HideSolutionNode = FALSE
	EndGlobalSection
	GlobalSection(ExtensibilityGlobals) = postSolution
		SolutionGuid = {8DFE43A1-EB4B-4685-A1A3-D96CBE0A37B5}
	EndGlobalSection
EndGlobal
