
Microsoft Visual Studio Solution File, Format Version 12.00
# Visual Studio Version 17
VisualStudioVersion = 17.6.33717.318
MinimumVisualStudioVersion = 10.0.40219.1
Project("{FAE04EC0-301F-11D3-BF4B-00C04F79EFBC}") = "HammerBitcoin", "HammerBitcoin.csproj", "{1887DE43-0895-4322-8537-7A743ED71F40}"
EndProject
Global
	GlobalSection(SolutionConfigurationPlatforms) = preSolution
		Debug|Any CPU = Debug|Any CPU
		Release|Any CPU = Release|Any CPU
	EndGlobalSection
	GlobalSection(ProjectConfigurationPlatforms) = postSolution
		{1887DE43-0895-4322-8537-7A743ED71F40}.Debug|Any CPU.ActiveCfg = Debug|Any CPU
		{1887DE43-0895-4322-8537-7A743ED71F40}.Debug|Any CPU.Build.0 = Debug|Any CPU
		{1887DE43-0895-4322-8537-7A743ED71F40}.Release|Any CPU.ActiveCfg = Release|Any CPU
		{1887DE43-0895-4322-8537-7A743ED71F40}.Release|Any CPU.Build.0 = Release|Any CPU
	EndGlobalSection
	GlobalSection(SolutionProperties) = preSolution
		HideSolutionNode = FALSE
	EndGlobalSection
	GlobalSection(ExtensibilityGlobals) = postSolution
		SolutionGuid = {2A020D91-128E-46E9-952C-64C9D9446AAA}
	EndGlobalSection
EndGlobal
